// !$*UTF8*$!
{
	archiveVersion = 1;
	classes = {
	};
	objectVersion = 56;
	objects = {

/* Begin PBXBuildFile section */
		4777A07A287FC11C009F1605 /* UI_612App.swift in Sources */ = {isa = PBXBuildFile; fileRef = 4777A079287FC11C009F1605 /* UI_612App.swift */; };
		4777A07C287FC11C009F1605 /* ContentView.swift in Sources */ = {isa = PBXBuildFile; fileRef = 4777A07B287FC11C009F1605 /* ContentView.swift */; };
		4777A07E287FC11D009F1605 /* Assets.xcassets in Resources */ = {isa = PBXBuildFile; fileRef = 4777A07D287FC11D009F1605 /* Assets.xcassets */; };
		4777A081287FC11D009F1605 /* Preview Assets.xcassets in Resources */ = {isa = PBXBuildFile; fileRef = 4777A080287FC11D009F1605 /* Preview Assets.xcassets */; };
		4777A08B287FC11D009F1605 /* UI_612Tests.swift in Sources */ = {isa = PBXBuildFile; fileRef = 4777A08A287FC11D009F1605 /* UI_612Tests.swift */; };
		4777A095287FC11D009F1605 /* UI_612UITests.swift in Sources */ = {isa = PBXBuildFile; fileRef = 4777A094287FC11D009F1605 /* UI_612UITests.swift */; };
		4777A097287FC11D009F1605 /* UI_612UITestsLaunchTests.swift in Sources */ = {isa = PBXBuildFile; fileRef = 4777A096287FC11D009F1605 /* UI_612UITestsLaunchTests.swift */; };
		4777A0A5287FC1EE009F1605 /* Messsage.swift in Sources */ = {isa = PBXBuildFile; fileRef = 4777A0A4287FC1EE009F1605 /* Messsage.swift */; };
		4777A0A9287FC212009F1605 /* Home.swift in Sources */ = {isa = PBXBuildFile; fileRef = 4777A0A8287FC212009F1605 /* Home.swift */; };
		4777A0AB287FC23B009F1605 /* Extension.swift in Sources */ = {isa = PBXBuildFile; fileRef = 4777A0AA287FC23B009F1605 /* Extension.swift */; };
/* End PBXBuildFile section */

/* Begin PBXContainerItemProxy section */
		4777A087287FC11D009F1605 /* PBXContainerItemProxy */ = {
			isa = PBXContainerItemProxy;
			containerPortal = 4777A06E287FC11C009F1605 /* Project object */;
			proxyType = 1;
			remoteGlobalIDString = 4777A075287FC11C009F1605;
			remoteInfo = "UI-612";
		};
		4777A091287FC11D009F1605 /* PBXContainerItemProxy */ = {
			isa = PBXContainerItemProxy;
			containerPortal = 4777A06E287FC11C009F1605 /* Project object */;
			proxyType = 1;
			remoteGlobalIDString = 4777A075287FC11C009F1605;
			remoteInfo = "UI-612";
		};
/* End PBXContainerItemProxy section */

/* Begin PBXFileReference section */
		4777A076287FC11C009F1605 /* UI-612.app */ = {isa = PBXFileReference; explicitFileType = wrapper.application; includeInIndex = 0; path = "UI-612.app"; sourceTree = BUILT_PRODUCTS_DIR; };
		4777A079287FC11C009F1605 /* UI_612App.swift */ = {isa = PBXFileReference; lastKnownFileType = sourcecode.swift; path = UI_612App.swift; sourceTree = "<group>"; };
		4777A07B287FC11C009F1605 /* ContentView.swift */ = {isa = PBXFileReference; lastKnownFileType = sourcecode.swift; path = ContentView.swift; sourceTree = "<group>"; };
		4777A07D287FC11D009F1605 /* Assets.xcassets */ = {isa = PBXFileReference; lastKnownFileType = folder.assetcatalog; path = Assets.xcassets; sourceTree = "<group>"; };
		4777A080287FC11D009F1605 /* Preview Assets.xcassets */ = {isa = PBXFileReference; lastKnownFileType = folder.assetcatalog; path = "Preview Assets.xcassets"; sourceTree = "<group>"; };
		4777A086287FC11D009F1605 /* UI-612Tests.xctest */ = {isa = PBXFileReference; explicitFileType = wrapper.cfbundle; includeInIndex = 0; path = "UI-612Tests.xctest"; sourceTree = BUILT_PRODUCTS_DIR; };
		4777A08A287FC11D009F1605 /* UI_612Tests.swift */ = {isa = PBXFileReference; lastKnownFileType = sourcecode.swift; path = UI_612Tests.swift; sourceTree = "<group>"; };
		4777A090287FC11D009F1605 /* UI-612UITests.xctest */ = {isa = PBXFileReference; explicitFileType = wrapper.cfbundle; includeInIndex = 0; path = "UI-612UITests.xctest"; sourceTree = BUILT_PRODUCTS_DIR; };
		4777A094287FC11D009F1605 /* UI_612UITests.swift */ = {isa = PBXFileReference; lastKnownFileType = sourcecode.swift; path = UI_612UITests.swift; sourceTree = "<group>"; };
		4777A096287FC11D009F1605 /* UI_612UITestsLaunchTests.swift */ = {isa = PBXFileReference; lastKnownFileType = sourcecode.swift; path = UI_612UITestsLaunchTests.swift; sourceTree = "<group>"; };
		4777A0A4287FC1EE009F1605 /* Messsage.swift */ = {isa = PBXFileReference; lastKnownFileType = sourcecode.swift; path = Messsage.swift; sourceTree = "<group>"; };
		4777A0A8287FC212009F1605 /* Home.swift */ = {isa = PBXFileReference; lastKnownFileType = sourcecode.swift; path = Home.swift; sourceTree = "<group>"; };
		4777A0AA287FC23B009F1605 /* Extension.swift */ = {isa = PBXFileReference; lastKnownFileType = sourcecode.swift; path = Extension.swift; sourceTree = "<group>"; };
/* End PBXFileReference section */

/* Begin PBXFrameworksBuildPhase section */
		4777A073287FC11C009F1605 /* Frameworks */ = {
			isa = PBXFrameworksBuildPhase;
			buildActionMask = 2147483647;
			files = (
			);
			runOnlyForDeploymentPostprocessing = 0;
		};
		4777A083287FC11D009F1605 /* Frameworks */ = {
			isa = PBXFrameworksBuildPhase;
			buildActionMask = 2147483647;
			files = (
			);
			runOnlyForDeploymentPostprocessing = 0;
		};
		4777A08D287FC11D009F1605 /* Frameworks */ = {
			isa = PBXFrameworksBuildPhase;
			buildActionMask = 2147483647;
			files = (
			);
			runOnlyForDeploymentPostprocessing = 0;
		};
/* End PBXFrameworksBuildPhase section */

/* Begin PBXGroup section */
		4777A06D287FC11C009F1605 = {
			isa = PBXGroup;
			children = (
				4777A078287FC11C009F1605 /* UI-612 */,
				4777A089287FC11D009F1605 /* UI-612Tests */,
				4777A093287FC11D009F1605 /* UI-612UITests */,
				4777A077287FC11C009F1605 /* Products */,
			);
			sourceTree = "<group>";
		};
		4777A077287FC11C009F1605 /* Products */ = {
			isa = PBXGroup;
			children = (
				4777A076287FC11C009F1605 /* UI-612.app */,
				4777A086287FC11D009F1605 /* UI-612Tests.xctest */,
				4777A090287FC11D009F1605 /* UI-612UITests.xctest */,
			);
			name = Products;
			sourceTree = "<group>";
		};
		4777A078287FC11C009F1605 /* UI-612 */ = {
			isa = PBXGroup;
			children = (
				4777A0A7287FC1F9009F1605 /* Helper */,
				4777A0A6287FC1F5009F1605 /* View */,
				4777A0A3287FC1E5009F1605 /* Model */,
				4777A079287FC11C009F1605 /* UI_612App.swift */,
				4777A07B287FC11C009F1605 /* ContentView.swift */,
				4777A07D287FC11D009F1605 /* Assets.xcassets */,
				4777A07F287FC11D009F1605 /* Preview Content */,
			);
			path = "UI-612";
			sourceTree = "<group>";
		};
		4777A07F287FC11D009F1605 /* Preview Content */ = {
			isa = PBXGroup;
			children = (
				4777A080287FC11D009F1605 /* Preview Assets.xcassets */,
			);
			path = "Preview Content";
			sourceTree = "<group>";
		};
		4777A089287FC11D009F1605 /* UI-612Tests */ = {
			isa = PBXGroup;
			children = (
				4777A08A287FC11D009F1605 /* UI_612Tests.swift */,
			);
			path = "UI-612Tests";
			sourceTree = "<group>";
		};
		4777A093287FC11D009F1605 /* UI-612UITests */ = {
			isa = PBXGroup;
			children = (
				4777A094287FC11D009F1605 /* UI_612UITests.swift */,
				4777A096287FC11D009F1605 /* UI_612UITestsLaunchTests.swift */,
			);
			path = "UI-612UITests";
			sourceTree = "<group>";
		};
		4777A0A3287FC1E5009F1605 /* Model */ = {
			isa = PBXGroup;
			children = (
				4777A0A4287FC1EE009F1605 /* Messsage.swift */,
			);
			path = Model;
			sourceTree = "<group>";
		};
		4777A0A6287FC1F5009F1605 /* View */ = {
			isa = PBXGroup;
			children = (
				4777A0A8287FC212009F1605 /* Home.swift */,
			);
			path = View;
			sourceTree = "<group>";
		};
		4777A0A7287FC1F9009F1605 /* Helper */ = {
			isa = PBXGroup;
			children = (
				4777A0AA287FC23B009F1605 /* Extension.swift */,
			);
			path = Helper;
			sourceTree = "<group>";
		};
/* End PBXGroup section */

/* Begin PBXNativeTarget section */
		4777A075287FC11C009F1605 /* UI-612 */ = {
			isa = PBXNativeTarget;
			buildConfigurationList = 4777A09A287FC11D009F1605 /* Build configuration list for PBXNativeTarget "UI-612" */;
			buildPhases = (
				4777A072287FC11C009F1605 /* Sources */,
				4777A073287FC11C009F1605 /* Frameworks */,
				4777A074287FC11C009F1605 /* Resources */,
			);
			buildRules = (
			);
			dependencies = (
			);
			name = "UI-612";
			productName = "UI-612";
			productReference = 4777A076287FC11C009F1605 /* UI-612.app */;
			productType = "com.apple.product-type.application";
		};
		4777A085287FC11D009F1605 /* UI-612Tests */ = {
			isa = PBXNativeTarget;
			buildConfigurationList = 4777A09D287FC11D009F1605 /* Build configuration list for PBXNativeTarget "UI-612Tests" */;
			buildPhases = (
				4777A082287FC11D009F1605 /* Sources */,
				4777A083287FC11D009F1605 /* Frameworks */,
				4777A084287FC11D009F1605 /* Resources */,
			);
			buildRules = (
			);
			dependencies = (
				4777A088287FC11D009F1605 /* PBXTargetDependency */,
			);
			name = "UI-612Tests";
			productName = "UI-612Tests";
			productReference = 4777A086287FC11D009F1605 /* UI-612Tests.xctest */;
			productType = "com.apple.product-type.bundle.unit-test";
		};
		4777A08F287FC11D009F1605 /* UI-612UITests */ = {
			isa = PBXNativeTarget;
			buildConfigurationList = 4777A0A0287FC11D009F1605 /* Build configuration list for PBXNativeTarget "UI-612UITests" */;
			buildPhases = (
				4777A08C287FC11D009F1605 /* Sources */,
				4777A08D287FC11D009F1605 /* Frameworks */,
				4777A08E287FC11D009F1605 /* Resources */,
			);
			buildRules = (
			);
			dependencies = (
				4777A092287FC11D009F1605 /* PBXTargetDependency */,
			);
			name = "UI-612UITests";
			productName = "UI-612UITests";
			productReference = 4777A090287FC11D009F1605 /* UI-612UITests.xctest */;
			productType = "com.apple.product-type.bundle.ui-testing";
		};
/* End PBXNativeTarget section */

/* Begin PBXProject section */
		4777A06E287FC11C009F1605 /* Project object */ = {
			isa = PBXProject;
			attributes = {
				BuildIndependentTargetsInParallel = 1;
				LastSwiftUpdateCheck = 1400;
				LastUpgradeCheck = 1400;
				TargetAttributes = {
					4777A075287FC11C009F1605 = {
						CreatedOnToolsVersion = 14.0;
					};
					4777A085287FC11D009F1605 = {
						CreatedOnToolsVersion = 14.0;
						TestTargetID = 4777A075287FC11C009F1605;
					};
					4777A08F287FC11D009F1605 = {
						CreatedOnToolsVersion = 14.0;
						TestTargetID = 4777A075287FC11C009F1605;
					};
				};
			};
			buildConfigurationList = 4777A071287FC11C009F1605 /* Build configuration list for PBXProject "UI-612" */;
			compatibilityVersion = "Xcode 14.0";
			developmentRegion = en;
			hasScannedForEncodings = 0;
			knownRegions = (
				en,
				Base,
			);
			mainGroup = 4777A06D287FC11C009F1605;
			productRefGroup = 4777A077287FC11C009F1605 /* Products */;
			projectDirPath = "";
			projectRoot = "";
			targets = (
				4777A075287FC11C009F1605 /* UI-612 */,
				4777A085287FC11D009F1605 /* UI-612Tests */,
				4777A08F287FC11D009F1605 /* UI-612UITests */,
			);
		};
/* End PBXProject section */

/* Begin PBXResourcesBuildPhase section */
		4777A074287FC11C009F1605 /* Resources */ = {
			isa = PBXResourcesBuildPhase;
			buildActionMask = 2147483647;
			files = (
				4777A081287FC11D009F1605 /* Preview Assets.xcassets in Resources */,
				4777A07E287FC11D009F1605 /* Assets.xcassets in Resources */,
			);
			runOnlyForDeploymentPostprocessing = 0;
		};
		4777A084287FC11D009F1605 /* Resources */ = {
			isa = PBXResourcesBuildPhase;
			buildActionMask = 2147483647;
			files = (
			);
			runOnlyForDeploymentPostprocessing = 0;
		};
		4777A08E287FC11D009F1605 /* Resources */ = {
			isa = PBXResourcesBuildPhase;
			buildActionMask = 2147483647;
			files = (
			);
			runOnlyForDeploymentPostprocessing = 0;
		};
/* End PBXResourcesBuildPhase section */

/* Begin PBXSourcesBuildPhase section */
		4777A072287FC11C009F1605 /* Sources */ = {
			isa = PBXSourcesBuildPhase;
			buildActionMask = 2147483647;
			files = (
				4777A0AB287FC23B009F1605 /* Extension.swift in Sources */,
				4777A07C287FC11C009F1605 /* ContentView.swift in Sources */,
				4777A07A287FC11C009F1605 /* UI_612App.swift in Sources */,
				4777A0A9287FC212009F1605 /* Home.swift in Sources */,
				4777A0A5287FC1EE009F1605 /* Messsage.swift in Sources */,
			);
			runOnlyForDeploymentPostprocessing = 0;
		};
		4777A082287FC11D009F1605 /* Sources */ = {
			isa = PBXSourcesBuildPhase;
			buildActionMask = 2147483647;
			files = (
				4777A08B287FC11D009F1605 /* UI_612Tests.swift in Sources */,
			);
			runOnlyForDeploymentPostprocessing = 0;
		};
		4777A08C287FC11D009F1605 /* Sources */ = {
			isa = PBXSourcesBuildPhase;
			buildActionMask = 2147483647;
			files = (
				4777A097287FC11D009F1605 /* UI_612UITestsLaunchTests.swift in Sources */,
				4777A095287FC11D009F1605 /* UI_612UITests.swift in Sources */,
			);
			runOnlyForDeploymentPostprocessing = 0;
		};
/* End PBXSourcesBuildPhase section */

/* Begin PBXTargetDependency section */
		4777A088287FC11D009F1605 /* PBXTargetDependency */ = {
			isa = PBXTargetDependency;
			target = 4777A075287FC11C009F1605 /* UI-612 */;
			targetProxy = 4777A087287FC11D009F1605 /* PBXContainerItemProxy */;
		};
		4777A092287FC11D009F1605 /* PBXTargetDependency */ = {
			isa = PBXTargetDependency;
			target = 4777A075287FC11C009F1605 /* UI-612 */;
			targetProxy = 4777A091287FC11D009F1605 /* PBXContainerItemProxy */;
		};
/* End PBXTargetDependency section */

/* Begin XCBuildConfiguration section */
		4777A098287FC11D009F1605 /* Debug */ = {
			isa = XCBuildConfiguration;
			buildSettings = {
				ALWAYS_SEARCH_USER_PATHS = NO;
				CLANG_ANALYZER_NONNULL = YES;
				CLANG_ANALYZER_NUMBER_OBJECT_CONVERSION = YES_AGGRESSIVE;
				CLANG_CXX_LANGUAGE_STANDARD = "gnu++17";
				CLANG_ENABLE_MODULES = YES;
				CLANG_ENABLE_OBJC_ARC = YES;
				CLANG_ENABLE_OBJC_WEAK = YES;
				CLANG_WARN_BLOCK_CAPTURE_AUTORELEASING = YES;
				CLANG_WARN_BOOL_CONVERSION = YES;
				CLANG_WARN_COMMA = YES;
				CLANG_WARN_CONSTANT_CONVERSION = YES;
				CLANG_WARN_DEPRECATED_OBJC_IMPLEMENTATIONS = YES;
				CLANG_WARN_DIRECT_OBJC_ISA_USAGE = YES_ERROR;
				CLANG_WARN_DOCUMENTATION_COMMENTS = YES;
				CLANG_WARN_EMPTY_BODY = YES;
				CLANG_WARN_ENUM_CONVERSION = YES;
				CLANG_WARN_INFINITE_RECURSION = YES;
				CLANG_WARN_INT_CONVERSION = YES;
				CLANG_WARN_NON_LITERAL_NULL_CONVERSION = YES;
				CLANG_WARN_OBJC_IMPLICIT_RETAIN_SELF = YES;
				CLANG_WARN_OBJC_LITERAL_CONVERSION = YES;
				CLANG_WARN_OBJC_ROOT_CLASS = YES_ERROR;
				CLANG_WARN_QUOTED_INCLUDE_IN_FRAMEWORK_HEADER = YES;
				CLANG_WARN_RANGE_LOOP_ANALYSIS = YES;
				CLANG_WARN_STRICT_PROTOTYPES = YES;
				CLANG_WARN_SUSPICIOUS_MOVE = YES;
				CLANG_WARN_UNGUARDED_AVAILABILITY = YES_AGGRESSIVE;
				CLANG_WARN_UNREACHABLE_CODE = YES;
				CLANG_WARN__DUPLICATE_METHOD_MATCH = YES;
				COPY_PHASE_STRIP = NO;
				DEBUG_INFORMATION_FORMAT = dwarf;
				ENABLE_STRICT_OBJC_MSGSEND = YES;
				ENABLE_TESTABILITY = YES;
				GCC_C_LANGUAGE_STANDARD = gnu11;
				GCC_DYNAMIC_NO_PIC = NO;
				GCC_NO_COMMON_BLOCKS = YES;
				GCC_OPTIMIZATION_LEVEL = 0;
				GCC_PREPROCESSOR_DEFINITIONS = (
					"DEBUG=1",
					"$(inherited)",
				);
				GCC_WARN_64_TO_32_BIT_CONVERSION = YES;
				GCC_WARN_ABOUT_RETURN_TYPE = YES_ERROR;
				GCC_WARN_UNDECLARED_SELECTOR = YES;
				GCC_WARN_UNINITIALIZED_AUTOS = YES_AGGRESSIVE;
				GCC_WARN_UNUSED_FUNCTION = YES;
				GCC_WARN_UNUSED_VARIABLE = YES;
				IPHONEOS_DEPLOYMENT_TARGET = 16.0;
				MTL_ENABLE_DEBUG_INFO = INCLUDE_SOURCE;
				MTL_FAST_MATH = YES;
				ONLY_ACTIVE_ARCH = YES;
				SDKROOT = iphoneos;
				SWIFT_ACTIVE_COMPILATION_CONDITIONS = DEBUG;
				SWIFT_OPTIMIZATION_LEVEL = "-Onone";
			};
			name = Debug;
		};
		4777A099287FC11D009F1605 /* Release */ = {
			isa = XCBuildConfiguration;
			buildSettings = {
				ALWAYS_SEARCH_USER_PATHS = NO;
				CLANG_ANALYZER_NONNULL = YES;
				CLANG_ANALYZER_NUMBER_OBJECT_CONVERSION = YES_AGGRESSIVE;
				CLANG_CXX_LANGUAGE_STANDARD = "gnu++17";
				CLANG_ENABLE_MODULES = YES;
				CLANG_ENABLE_OBJC_ARC = YES;
				CLANG_ENABLE_OBJC_WEAK = YES;
				CLANG_WARN_BLOCK_CAPTURE_AUTORELEASING = YES;
				CLANG_WARN_BOOL_CONVERSION = YES;
				CLANG_WARN_COMMA = YES;
				CLANG_WARN_CONSTANT_CONVERSION = YES;
				CLANG_WARN_DEPRECATED_OBJC_IMPLEMENTATIONS = YES;
				CLANG_WARN_DIRECT_OBJC_ISA_USAGE = YES_ERROR;
				CLANG_WARN_DOCUMENTATION_COMMENTS = YES;
				CLANG_WARN_EMPTY_BODY = YES;
				CLANG_WARN_ENUM_CONVERSION = YES;
				CLANG_WARN_INFINITE_RECURSION = YES;
				CLANG_WARN_INT_CONVERSION = YES;
				CLANG_WARN_NON_LITERAL_NULL_CONVERSION = YES;
				CLANG_WARN_OBJC_IMPLICIT_RETAIN_SELF = YES;
				CLANG_WARN_OBJC_LITERAL_CONVERSION = YES;
				CLANG_WARN_OBJC_ROOT_CLASS = YES_ERROR;
				CLANG_WARN_QUOTED_INCLUDE_IN_FRAMEWORK_HEADER = YES;
				CLANG_WARN_RANGE_LOOP_ANALYSIS = YES;
				CLANG_WARN_STRICT_PROTOTYPES = YES;
				CLANG_WARN_SUSPICIOUS_MOVE = YES;
				CLANG_WARN_UNGUARDED_AVAILABILITY = YES_AGGRESSIVE;
				CLANG_WARN_UNREACHABLE_CODE = YES;
				CLANG_WARN__DUPLICATE_METHOD_MATCH = YES;
				COPY_PHASE_STRIP = NO;
				DEBUG_INFORMATION_FORMAT = "dwarf-with-dsym";
				ENABLE_NS_ASSERTIONS = NO;
				ENABLE_STRICT_OBJC_MSGSEND = YES;
				GCC_C_LANGUAGE_STANDARD = gnu11;
				GCC_NO_COMMON_BLOCKS = YES;
				GCC_WARN_64_TO_32_BIT_CONVERSION = YES;
				GCC_WARN_ABOUT_RETURN_TYPE = YES_ERROR;
				GCC_WARN_UNDECLARED_SELECTOR = YES;
				GCC_WARN_UNINITIALIZED_AUTOS = YES_AGGRESSIVE;
				GCC_WARN_UNUSED_FUNCTION = YES;
				GCC_WARN_UNUSED_VARIABLE = YES;
				IPHONEOS_DEPLOYMENT_TARGET = 16.0;
				MTL_ENABLE_DEBUG_INFO = NO;
				MTL_FAST_MATH = YES;
				SDKROOT = iphoneos;
				SWIFT_COMPILATION_MODE = wholemodule;
				SWIFT_OPTIMIZATION_LEVEL = "-O";
				VALIDATE_PRODUCT = YES;
			};
			name = Release;
		};
		4777A09B287FC11D009F1605 /* Debug */ = {
			isa = XCBuildConfiguration;
			buildSettings = {
				ASSETCATALOG_COMPILER_APPICON_NAME = AppIcon;
				ASSETCATALOG_COMPILER_GLOBAL_ACCENT_COLOR_NAME = AccentColor;
				CODE_SIGN_STYLE = Automatic;
				CURRENT_PROJECT_VERSION = 1;
				DEVELOPMENT_ASSET_PATHS = "\"UI-612/Preview Content\"";
				DEVELOPMENT_TEAM = 8CL4U468K5;
				ENABLE_PREVIEWS = YES;
				GENERATE_INFOPLIST_FILE = YES;
				INFOPLIST_KEY_UIApplicationSceneManifest_Generation = YES;
				INFOPLIST_KEY_UIApplicationSupportsIndirectInputEvents = YES;
				INFOPLIST_KEY_UILaunchScreen_Generation = YES;
				INFOPLIST_KEY_UISupportedInterfaceOrientations_iPad = "UIInterfaceOrientationPortrait UIInterfaceOrientationPortraitUpsideDown UIInterfaceOrientationLandscapeLeft UIInterfaceOrientationLandscapeRight";
				INFOPLIST_KEY_UISupportedInterfaceOrientations_iPhone = "UIInterfaceOrientationPortrait UIInterfaceOrientationLandscapeLeft UIInterfaceOrientationLandscapeRight";
				LD_RUNPATH_SEARCH_PATHS = (
					"$(inherited)",
					"@executable_path/Frameworks",
				);
				MARKETING_VERSION = 1.0;
				PRODUCT_BUNDLE_IDENTIFIER = "com.585.UI-612";
				PRODUCT_NAME = "$(TARGET_NAME)";
				SWIFT_EMIT_LOC_STRINGS = YES;
				SWIFT_VERSION = 5.0;
				TARGETED_DEVICE_FAMILY = "1,2";
			};
			name = Debug;
		};
		4777A09C287FC11D009F1605 /* Release */ = {
			isa = XCBuildConfiguration;
			buildSettings = {
				ASSETCATALOG_COMPILER_APPICON_NAME = AppIcon;
				ASSETCATALOG_COMPILER_GLOBAL_ACCENT_COLOR_NAME = AccentColor;
				CODE_SIGN_STYLE = Automatic;
				CURRENT_PROJECT_VERSION = 1;
				DEVELOPMENT_ASSET_PATHS = "\"UI-612/Preview Content\"";
				DEVELOPMENT_TEAM = 8CL4U468K5;
				ENABLE_PREVIEWS = YES;
				GENERATE_INFOPLIST_FILE = YES;
				INFOPLIST_KEY_UIApplicationSceneManifest_Generation = YES;
				INFOPLIST_KEY_UIApplicationSupportsIndirectInputEvents = YES;
				INFOPLIST_KEY_UILaunchScreen_Generation = YES;
				INFOPLIST_KEY_UISupportedInterfaceOrientations_iPad = "UIInterfaceOrientationPortrait UIInterfaceOrientationPortraitUpsideDown UIInterfaceOrientationLandscapeLeft UIInterfaceOrientationLandscapeRight";
				INFOPLIST_KEY_UISupportedInterfaceOrientations_iPhone = "UIInterfaceOrientationPortrait UIInterfaceOrientationLandscapeLeft UIInterfaceOrientationLandscapeRight";
				LD_RUNPATH_SEARCH_PATHS = (
					"$(inherited)",
					"@executable_path/Frameworks",
				);
				MARKETING_VERSION = 1.0;
				PRODUCT_BUNDLE_IDENTIFIER = "com.585.UI-612";
				PRODUCT_NAME = "$(TARGET_NAME)";
				SWIFT_EMIT_LOC_STRINGS = YES;
				SWIFT_VERSION = 5.0;
				TARGETED_DEVICE_FAMILY = "1,2";
			};
			name = Release;
		};
		4777A09E287FC11D009F1605 /* Debug */ = {
			isa = XCBuildConfiguration;
			buildSettings = {
				ALWAYS_EMBED_SWIFT_STANDARD_LIBRARIES = YES;
				BUNDLE_LOADER = "$(TEST_HOST)";
				CODE_SIGN_STYLE = Automatic;
				CURRENT_PROJECT_VERSION = 1;
				DEVELOPMENT_TEAM = 8CL4U468K5;
				GENERATE_INFOPLIST_FILE = YES;
				IPHONEOS_DEPLOYMENT_TARGET = 16.0;
				MARKETING_VERSION = 1.0;
				PRODUCT_BUNDLE_IDENTIFIER = "com.585.UI-612Tests";
				PRODUCT_NAME = "$(TARGET_NAME)";
				SWIFT_EMIT_LOC_STRINGS = NO;
				SWIFT_VERSION = 5.0;
				TARGETED_DEVICE_FAMILY = "1,2";
				TEST_HOST = "$(BUILT_PRODUCTS_DIR)/UI-612.app/$(BUNDLE_EXECUTABLE_FOLDER_PATH)/UI-612";
			};
			name = Debug;
		};
		4777A09F287FC11D009F1605 /* Release */ = {
			isa = XCBuildConfiguration;
			buildSettings = {
				ALWAYS_EMBED_SWIFT_STANDARD_LIBRARIES = YES;
				BUNDLE_LOADER = "$(TEST_HOST)";
				CODE_SIGN_STYLE = Automatic;
				CURRENT_PROJECT_VERSION = 1;
				DEVELOPMENT_TEAM = 8CL4U468K5;
				GENERATE_INFOPLIST_FILE = YES;
				IPHONEOS_DEPLOYMENT_TARGET = 16.0;
				MARKETING_VERSION = 1.0;
				PRODUCT_BUNDLE_IDENTIFIER = "com.585.UI-612Tests";
				PRODUCT_NAME = "$(TARGET_NAME)";
				SWIFT_EMIT_LOC_STRINGS = NO;
				SWIFT_VERSION = 5.0;
				TARGETED_DEVICE_FAMILY = "1,2";
				TEST_HOST = "$(BUILT_PRODUCTS_DIR)/UI-612.app/$(BUNDLE_EXECUTABLE_FOLDER_PATH)/UI-612";
			};
			name = Release;
		};
		4777A0A1287FC11D009F1605 /* Debug */ = {
			isa = XCBuildConfiguration;
			buildSettings = {
				ALWAYS_EMBED_SWIFT_STANDARD_LIBRARIES = YES;
				CODE_SIGN_STYLE = Automatic;
				CURRENT_PROJECT_VERSION = 1;
				DEVELOPMENT_TEAM = 8CL4U468K5;
				GENERATE_INFOPLIST_FILE = YES;
				MARKETING_VERSION = 1.0;
				PRODUCT_BUNDLE_IDENTIFIER = "com.585.UI-612UITests";
				PRODUCT_NAME = "$(TARGET_NAME)";
				SWIFT_EMIT_LOC_STRINGS = NO;
				SWIFT_VERSION = 5.0;
				TARGETED_DEVICE_FAMILY = "1,2";
				TEST_TARGET_NAME = "UI-612";
			};
			name = Debug;
		};
		4777A0A2287FC11D009F1605 /* Release */ = {
			isa = XCBuildConfiguration;
			buildSettings = {
				ALWAYS_EMBED_SWIFT_STANDARD_LIBRARIES = YES;
				CODE_SIGN_STYLE = Automatic;
				CURRENT_PROJECT_VERSION = 1;
				DEVELOPMENT_TEAM = 8CL4U468K5;
				GENERATE_INFOPLIST_FILE = YES;
				MARKETING_VERSION = 1.0;
				PRODUCT_BUNDLE_IDENTIFIER = "com.585.UI-612UITests";
				PRODUCT_NAME = "$(TARGET_NAME)";
				SWIFT_EMIT_LOC_STRINGS = NO;
				SWIFT_VERSION = 5.0;
				TARGETED_DEVICE_FAMILY = "1,2";
				TEST_TARGET_NAME = "UI-612";
			};
			name = Release;
		};
/* End XCBuildConfiguration section */

/* Begin XCConfigurationList section */
		4777A071287FC11C009F1605 /* Build configuration list for PBXProject "UI-612" */ = {
			isa = XCConfigurationList;
			buildConfigurations = (
				4777A098287FC11D009F1605 /* Debug */,
				4777A099287FC11D009F1605 /* Release */,
			);
			defaultConfigurationIsVisible = 0;
			defaultConfigurationName = Release;
		};
		4777A09A287FC11D009F1605 /* Build configuration list for PBXNativeTarget "UI-612" */ = {
			isa = XCConfigurationList;
			buildConfigurations = (
				4777A09B287FC11D009F1605 /* Debug */,
				4777A09C287FC11D009F1605 /* Release */,
			);
			defaultConfigurationIsVisible = 0;
			defaultConfigurationName = Release;
		};
		4777A09D287FC11D009F1605 /* Build configuration list for PBXNativeTarget "UI-612Tests" */ = {
			isa = XCConfigurationList;
			buildConfigurations = (
				4777A09E287FC11D009F1605 /* Debug */,
				4777A09F287FC11D009F1605 /* Release */,
			);
			defaultConfigurationIsVisible = 0;
			defaultConfigurationName = Release;
		};
		4777A0A0287FC11D009F1605 /* Build configuration list for PBXNativeTarget "UI-612UITests" */ = {
			isa = XCConfigurationList;
			buildConfigurations = (
				4777A0A1287FC11D009F1605 /* Debug */,
				4777A0A2287FC11D009F1605 /* Release */,
			);
			defaultConfigurationIsVisible = 0;
			defaultConfigurationName = Release;
		};
/* End XCConfigurationList section */
	};
	rootObject = 4777A06E287FC11C009F1605 /* Project object */;
}
